github.com/mirkobrombin/atomloops v0.2.6 h1:3qr0k70EnagFLwbvgVjWj/SLHlA4NbMPFPBrfNFZIVs=
github.com/mirkobrombin/atomloops v0.2.6/go.mod h1:18MprTBFQSIFeYCnzhsK7grT9e3E7Yxao1gE+mG4bgY=
github.com/mirkobrombin/go-foundation v1.1.1 h1:96OBbRCglZYCgi2Tu+H0/bK3JGdPDBJRCQMD/cXMu4U=
github.com/mirkobrombin/go-foundation v1.1.1/go.mod h1:ScQBotKzuC5Lxi61Wyw0h8NaeGKsuwp4xHwPj5Mj9DY=
