github.com/mirkobrombin/atomloops v0.1.0 h1:u1Na3yo7aViI9736oQ7K6BPYufryTxM7uOPrR0V3l3Q=
github.com/mirkobrombin/atomloops v0.1.0/go.mod h1:18MprTBFQSIFeYCnzhsK7grT9e3E7Yxao1gE+mG4bgY=
github.com/mirkobrombin/go-foundation v1.1.1 h1:96OBbRCglZYCgi2Tu+H0/bK3JGdPDBJRCQMD/cXMu4U=
github.com/mirkobrombin/go-foundation v1.1.1/go.mod h1:ScQBotKzuC5Lxi61Wyw0h8NaeGKsuwp4xHwPj5Mj9DY=
